PODS:
  - LimeAuth/Core (0.1.0):
    - LimeCore
    - PowerAuth2
  - LimeAuth/UI (0.1.0):
    - LimeAuth/Core
  - LimeAuth/UIResources (0.1.0):
    - LimeAuth/UI
  - LimeCore (1.0.0-rc1):
    - LimeCore/Localization (= 1.0.0-rc1)
  - LimeCore/Config (1.0.0-rc1):
    - LimeCore/Core
  - LimeCore/Core (1.0.0-rc1)
  - LimeCore/Localization (1.0.0-rc1):
    - LimeCore/Config
  - PowerAuth2 (0.17.2)

DEPENDENCIES:
  - LimeAuth/UIResources (from `https://github.com/lime-company/swift-lime-auth.git`, commit `e583953042983cc37bf5a09ee798e87d4bb2b5e3`)
  - LimeCore (from `https://github.com/lime-company/swift-lime-core.git`, commit `e53132b217db7832e0e68f6bf4d759a60485a25b`)
  - PowerAuth2 (from `https://github.com/lime-company/lime-security-powerauth-mobile-sdk.git`, commit `887729f45a06bc99cbe9cfc4908e71529bbd1314`)

EXTERNAL SOURCES:
  LimeAuth:
    :commit: e583953042983cc37bf5a09ee798e87d4bb2b5e3
    :git: https://github.com/lime-company/swift-lime-auth.git
  LimeCore:
    :commit: e53132b217db7832e0e68f6bf4d759a60485a25b
    :git: https://github.com/lime-company/swift-lime-core.git
  PowerAuth2:
    :commit: 887729f45a06bc99cbe9cfc4908e71529bbd1314
    :git: https://github.com/lime-company/lime-security-powerauth-mobile-sdk.git
    :submodules: true

CHECKOUT OPTIONS:
  LimeAuth:
    :commit: e583953042983cc37bf5a09ee798e87d4bb2b5e3
    :git: https://github.com/lime-company/swift-lime-auth.git
  LimeCore:
    :commit: e53132b217db7832e0e68f6bf4d759a60485a25b
    :git: https://github.com/lime-company/swift-lime-core.git
  PowerAuth2:
    :commit: 887729f45a06bc99cbe9cfc4908e71529bbd1314
    :git: https://github.com/lime-company/lime-security-powerauth-mobile-sdk.git
    :submodules: true

SPEC CHECKSUMS:
  LimeAuth: 99fab11602dc13df6081b2228fe997804405a7a2
  LimeCore: fe30b980477315e3c1ee36664bd0d6f41674b853
  PowerAuth2: 069c0101e9aeb5452de815dd5cff43786a95c9b5

PODFILE CHECKSUM: 92f3d3f6ef7954f39c7903d3407a7b0bde926fb8

COCOAPODS: 1.4.0
